
Microsoft Visual Studio Solution File, Format Version 12.00
# Visual Studio 14
VisualStudioVersion = 14.0.25420.1
MinimumVisualStudioVersion = 10.0.40219.1
Project("{FAE04EC0-301F-11D3-BF4B-00C04F79EFBC}") = "Mst.Common.Response", "Mst.Common.Response\Mst.Common.Response.csproj", "{8249B86C-EDE0-4EAC-B105-B6EA07987B13}"
EndProject
Global
	GlobalSection(SolutionConfigurationPlatforms) = preSolution
		Debug|Any CPU = Debug|Any CPU
		Release|Any CPU = Release|Any CPU
	EndGlobalSection
	GlobalSection(ProjectConfigurationPlatforms) = postSolution
		{8249B86C-EDE0-4EAC-B105-B6EA07987B13}.Debug|Any CPU.ActiveCfg = Debug|Any CPU
		{8249B86C-EDE0-4EAC-B105-B6EA07987B13}.Debug|Any CPU.Build.0 = Debug|Any CPU
		{8249B86C-EDE0-4EAC-B105-B6EA07987B13}.Release|Any CPU.ActiveCfg = Release|Any CPU
		{8249B86C-EDE0-4EAC-B105-B6EA07987B13}.Release|Any CPU.Build.0 = Release|Any CPU
	EndGlobalSection
	GlobalSection(SolutionProperties) = preSolution
		HideSolutionNode = FALSE
	EndGlobalSection
EndGlobal
